
Microsoft Visual Studio Solution File, Format Version 12.00
# Visual Studio Version 16
VisualStudioVersion = 16.0.29418.71
MinimumVisualStudioVersion = 10.0.40219.1
Project("{FAE04EC0-301F-11D3-BF4B-00C04F79EFBC}") = "ObounlTest", "ObounlTest\ObounlTest.csproj", "{3AF9401D-46E4-427A-ADF0-70DD17DDCDA5}"
EndProject
Global
	GlobalSection(SolutionConfigurationPlatforms) = preSolution
		Debug|Any CPU = Debug|Any CPU
		Release|Any CPU = Release|Any CPU
	EndGlobalSection
	GlobalSection(ProjectConfigurationPlatforms) = postSolution
		{3AF9401D-46E4-427A-ADF0-70DD17DDCDA5}.Debug|Any CPU.ActiveCfg = Debug|Any CPU
		{3AF9401D-46E4-427A-ADF0-70DD17DDCDA5}.Debug|Any CPU.Build.0 = Debug|Any CPU
		{3AF9401D-46E4-427A-ADF0-70DD17DDCDA5}.Release|Any CPU.ActiveCfg = Release|Any CPU
		{3AF9401D-46E4-427A-ADF0-70DD17DDCDA5}.Release|Any CPU.Build.0 = Release|Any CPU
	EndGlobalSection
	GlobalSection(SolutionProperties) = preSolution
		HideSolutionNode = FALSE
	EndGlobalSection
	GlobalSection(ExtensibilityGlobals) = postSolution
		SolutionGuid = {97BF2609-EF3F-49B5-9CB9-3C35A8A8020D}
	EndGlobalSection
EndGlobal
