
Microsoft Visual Studio Solution File, Format Version 12.00
# Visual Studio Version 16
VisualStudioVersion = 16.0.29418.71
MinimumVisualStudioVersion = 10.0.40219.1
Project("{FAE04EC0-301F-11D3-BF4B-00C04F79EFBC}") = "SSO.Web", "SSO.Web\SSO.Web.csproj", "{50B2B83A-59EB-42A7-8632-53D9A2E5FF29}"
EndProject
Project("{FAE04EC0-301F-11D3-BF4B-00C04F79EFBC}") = "FAP.Web", "FAP.Web\FAP.Web.csproj", "{7FA3FEAD-1C0E-4703-9E30-9E88D5CA762B}"
EndProject
Project("{FAE04EC0-301F-11D3-BF4B-00C04F79EFBC}") = "FRT.Web", "FRT.Web\FRT.Web.csproj", "{DB25F3D5-0444-4F93-836C-D7D2FD53DC8F}"
EndProject
Project("{FAE04EC0-301F-11D3-BF4B-00C04F79EFBC}") = "FGL.Web", "FGL.Web\FGL.Web.csproj", "{D41A32D9-601C-414B-A1CE-A6271D7B2E1D}"
EndProject
Global
	GlobalSection(SolutionConfigurationPlatforms) = preSolution
		Debug|Any CPU = Debug|Any CPU
		Release|Any CPU = Release|Any CPU
	EndGlobalSection
	GlobalSection(ProjectConfigurationPlatforms) = postSolution
		{50B2B83A-59EB-42A7-8632-53D9A2E5FF29}.Debug|Any CPU.ActiveCfg = Debug|Any CPU
		{50B2B83A-59EB-42A7-8632-53D9A2E5FF29}.Debug|Any CPU.Build.0 = Debug|Any CPU
		{50B2B83A-59EB-42A7-8632-53D9A2E5FF29}.Release|Any CPU.ActiveCfg = Release|Any CPU
		{50B2B83A-59EB-42A7-8632-53D9A2E5FF29}.Release|Any CPU.Build.0 = Release|Any CPU
		{7FA3FEAD-1C0E-4703-9E30-9E88D5CA762B}.Debug|Any CPU.ActiveCfg = Debug|Any CPU
		{7FA3FEAD-1C0E-4703-9E30-9E88D5CA762B}.Debug|Any CPU.Build.0 = Debug|Any CPU
		{7FA3FEAD-1C0E-4703-9E30-9E88D5CA762B}.Release|Any CPU.ActiveCfg = Release|Any CPU
		{7FA3FEAD-1C0E-4703-9E30-9E88D5CA762B}.Release|Any CPU.Build.0 = Release|Any CPU
		{DB25F3D5-0444-4F93-836C-D7D2FD53DC8F}.Debug|Any CPU.ActiveCfg = Debug|Any CPU
		{DB25F3D5-0444-4F93-836C-D7D2FD53DC8F}.Debug|Any CPU.Build.0 = Debug|Any CPU
		{DB25F3D5-0444-4F93-836C-D7D2FD53DC8F}.Release|Any CPU.ActiveCfg = Release|Any CPU
		{DB25F3D5-0444-4F93-836C-D7D2FD53DC8F}.Release|Any CPU.Build.0 = Release|Any CPU
		{D41A32D9-601C-414B-A1CE-A6271D7B2E1D}.Debug|Any CPU.ActiveCfg = Debug|Any CPU
		{D41A32D9-601C-414B-A1CE-A6271D7B2E1D}.Debug|Any CPU.Build.0 = Debug|Any CPU
		{D41A32D9-601C-414B-A1CE-A6271D7B2E1D}.Release|Any CPU.ActiveCfg = Release|Any CPU
		{D41A32D9-601C-414B-A1CE-A6271D7B2E1D}.Release|Any CPU.Build.0 = Release|Any CPU
	EndGlobalSection
	GlobalSection(SolutionProperties) = preSolution
		HideSolutionNode = FALSE
	EndGlobalSection
	GlobalSection(ExtensibilityGlobals) = postSolution
		SolutionGuid = {5257CE1A-9698-4B71-BDDC-38E37327EAD0}
	EndGlobalSection
EndGlobal
